PATH
  remote: .
  specs:
    gel (0.3.0)

GEM
  remote: https://rubygems.org/
  specs:
    addressable (2.7.0)
      public_suffix (>= 2.0.2, < 5.0)
    crack (0.4.5)
      rexml
    hashdiff (1.0.1)
    hpricot (0.8.6)
    minitest (5.14.3)
    mocha (1.12.0)
    mustache (1.1.1)
    pub_grub (0.5.0)
    public_suffix (4.0.6)
    rake (12.3.3)
    rdiscount (2.2.0.2)
    rexml (3.2.4)
    ronn (0.7.3)
      hpricot (>= 0.8.2)
      mustache (>= 0.7.0)
      rdiscount (>= 1.5.8)
    webmock (3.11.1)
      addressable (>= 2.3.6)
      crack (>= 0.3.2)
      hashdiff (>= 0.4.0, < 2.0.0)

PLATFORMS
  java
  ruby

DEPENDENCIES
  gel!
  minitest (~> 5.0)
  mocha
  pub_grub (>= 0.5.0)
  rake (~> 12.3)
  ronn
  webmock

BUNDLED WITH
   1.999
